
Microsoft Visual Studio Solution File, Format Version 12.00
# Visual Studio Version 17
VisualStudioVersion = 17.8.34330.188
MinimumVisualStudioVersion = 10.0.40219.1
Project("{FAE04EC0-301F-11D3-BF4B-00C04F79EFBC}") = "PandorasGiftBox", "PandorasGiftBox\PandorasGiftBox.csproj", "{E19F0186-1CFE-47F9-A4C0-ADBEB3A03B51}"
EndProject
Global
	GlobalSection(SolutionConfigurationPlatforms) = preSolution
		Debug|Any CPU = Debug|Any CPU
		Release|Any CPU = Release|Any CPU
	EndGlobalSection
	GlobalSection(ProjectConfigurationPlatforms) = postSolution
		{E19F0186-1CFE-47F9-A4C0-ADBEB3A03B51}.Debug|Any CPU.ActiveCfg = Debug|Any CPU
		{E19F0186-1CFE-47F9-A4C0-ADBEB3A03B51}.Debug|Any CPU.Build.0 = Debug|Any CPU
		{E19F0186-1CFE-47F9-A4C0-ADBEB3A03B51}.Release|Any CPU.ActiveCfg = Release|Any CPU
		{E19F0186-1CFE-47F9-A4C0-ADBEB3A03B51}.Release|Any CPU.Build.0 = Release|Any CPU
	EndGlobalSection
	GlobalSection(SolutionProperties) = preSolution
		HideSolutionNode = FALSE
	EndGlobalSection
	GlobalSection(ExtensibilityGlobals) = postSolution
		SolutionGuid = {931CDBC3-584B-4E45-9105-281717F59679}
	EndGlobalSection
EndGlobal
